# This file is generated by running "yarn install" inside your project.
# Manual changes might be lost - proceed with caution!

__metadata:
  version: 6
  cacheKey: 8

"@projectdysnomia/dysnomia@github:projectdysnomia/dysnomia#dev":
  version: 0.1.0-dev
  resolution: "@projectdysnomia/dysnomia@https://github.com/projectdysnomia/dysnomia.git#commit=80af5c7c365193dc65d5e8d0aada8065e0df7c12"
  dependencies:
    opusscript: ^0.0.8
    tweetnacl: ^1.0.3
    ws: ^8.2.3
  dependenciesMeta:
    opusscript:
      optional: true
    tweetnacl:
      optional: true
  checksum: c8de5fd0271d7e80f1765d78d0bbdb4f753d54ab482a210e2e6ce66c447fed33d9785ffeb3d3a174f3455f55b384d9ae4a298876cd49376f16002b2956d4e552
  languageName: node
  linkType: hard

"@tt-bot-dev/types@workspace:.":
  version: 0.0.0-use.local
  resolution: "@tt-bot-dev/types@workspace:."
  dependencies:
    "@projectdysnomia/dysnomia": "github:projectdysnomia/dysnomia#dev"
    "@types/node": ^18.7.23
    sosamba: "git+https://owo.codes/tt.bot/frameworks/sosamba.git#v2.0.0"
  languageName: unknown
  linkType: soft

"@types/node@npm:^14.14.35":
  version: 14.18.36
  resolution: "@types/node@npm:14.18.36"
  checksum: da7f479b3fc996d585e60b8329987c6e310ddbf051e14f2d900ce04f7768f42fa7b760f0eb376008d3eca130ce9431018fb5c9e44027dcb7bb139c547e44b9c5
  languageName: node
  linkType: hard

"@types/node@npm:^18.7.23":
  version: 18.11.18
  resolution: "@types/node@npm:18.11.18"
  checksum: 03f17f9480f8d775c8a72da5ea7e9383db5f6d85aa5fefde90dd953a1449bd5e4ffde376f139da4f3744b4c83942166d2a7603969a6f8ea826edfb16e6e3b49d
  languageName: node
  linkType: hard

"kleur@npm:^4.1.4":
  version: 4.1.5
  resolution: "kleur@npm:4.1.5"
  checksum: 1dc476e32741acf0b1b5b0627ffd0d722e342c1b0da14de3e8ae97821327ca08f9fb944542fb3c126d90ac5f27f9d804edbe7c585bf7d12ef495d115e0f22c12
  languageName: node
  linkType: hard

"opusscript@npm:^0.0.8":
  version: 0.0.8
  resolution: "opusscript@npm:0.0.8"
  checksum: 0c3175a4013f5bd4578ae06f906573717ab5570d6013a15796273fb375f083530073374add3838fa944afbe242740fd27053629f7796a208d7e8be14674ba147
  languageName: node
  linkType: hard

"sosamba@git+https://owo.codes/tt.bot/frameworks/sosamba.git#v2.0.0":
  version: 2.0.0-dev
  resolution: "sosamba@https://owo.codes/tt.bot/frameworks/sosamba.git#commit=558015780acc800a858f0c90d61f2711ecee4000"
  dependencies:
    "@types/node": ^14.14.35
    kleur: ^4.1.4
  peerDependencies:
    "@projectdysnomia/dysnomia": "*"
  dependenciesMeta:
    "@types/node":
      optional: true
  checksum: 1970aec67aca2ca729682552375104645a7a80ca423145f933c61704aed5b210d73e72698ed5033acc55087e4d4284a1e44934c2d7cc1ef639a94c02442a7724
  languageName: node
  linkType: hard

"tweetnacl@npm:^1.0.3":
  version: 1.0.3
  resolution: "tweetnacl@npm:1.0.3"
  checksum: e4a57cac188f0c53f24c7a33279e223618a2bfb5fea426231991652a13247bea06b081fd745d71291fcae0f4428d29beba1b984b1f1ce6f66b06a6d1ab90645c
  languageName: node
  linkType: hard

"ws@npm:^8.2.3":
  version: 8.11.0
  resolution: "ws@npm:8.11.0"
  peerDependencies:
    bufferutil: ^4.0.1
    utf-8-validate: ^5.0.2
  peerDependenciesMeta:
    bufferutil:
      optional: true
    utf-8-validate:
      optional: true
  checksum: 316b33aba32f317cd217df66dbfc5b281a2f09ff36815de222bc859e3424d83766d9eb2bd4d667de658b6ab7be151f258318fb1da812416b30be13103e5b5c67
  languageName: node
  linkType: hard
